
Microsoft Visual Studio Solution File, Format Version 12.00
# Visual Studio Version 17
VisualStudioVersion = 17.4.33205.214
MinimumVisualStudioVersion = 10.0.40219.1
Project("{FAE04EC0-301F-11D3-BF4B-00C04F79EFBC}") = "Deflate", "Deflate\Deflate.csproj", "{200F05D8-61F1-4A35-A969-D66C673AED1A}"
EndProject
Global
	GlobalSection(SolutionConfigurationPlatforms) = preSolution
		Debug|Any CPU = Debug|Any CPU
		Release|Any CPU = Release|Any CPU
	EndGlobalSection
	GlobalSection(ProjectConfigurationPlatforms) = postSolution
		{200F05D8-61F1-4A35-A969-D66C673AED1A}.Debug|Any CPU.ActiveCfg = Debug|Any CPU
		{200F05D8-61F1-4A35-A969-D66C673AED1A}.Debug|Any CPU.Build.0 = Debug|Any CPU
		{200F05D8-61F1-4A35-A969-D66C673AED1A}.Release|Any CPU.ActiveCfg = Release|Any CPU
		{200F05D8-61F1-4A35-A969-D66C673AED1A}.Release|Any CPU.Build.0 = Release|Any CPU
	EndGlobalSection
	GlobalSection(SolutionProperties) = preSolution
		HideSolutionNode = FALSE
	EndGlobalSection
	GlobalSection(ExtensibilityGlobals) = postSolution
		SolutionGuid = {FE5463F9-036C-4221-B6C7-EC5C16C3060B}
	EndGlobalSection
EndGlobal
